// !$*UTF8*$!
{
	archiveVersion = 1;
	classes = {
	};
	objectVersion = 48;
	objects = {

/* Begin PBXBuildFile section */
		2D482F23201E0AF800967FCA /* AppDelegate.swift in Sources */ = {isa = PBXBuildFile; fileRef = 2D482F22201E0AF800967FCA /* AppDelegate.swift */; };
		2D482F25201E0AF800967FCA /* LoginViewController.swift in Sources */ = {isa = PBXBuildFile; fileRef = 2D482F24201E0AF800967FCA /* LoginViewController.swift */; };
		2D482F28201E0AF800967FCA /* Main.storyboard in Resources */ = {isa = PBXBuildFile; fileRef = 2D482F26201E0AF800967FCA /* Main.storyboard */; };
		2D482F2A201E0AF800967FCA /* Assets.xcassets in Resources */ = {isa = PBXBuildFile; fileRef = 2D482F29201E0AF800967FCA /* Assets.xcassets */; };
		2D482F2D201E0AF800967FCA /* LaunchScreen.storyboard in Resources */ = {isa = PBXBuildFile; fileRef = 2D482F2B201E0AF800967FCA /* LaunchScreen.storyboard */; };
		2D482F38201E0AF800967FCA /* bakeryTests.swift in Sources */ = {isa = PBXBuildFile; fileRef = 2D482F37201E0AF800967FCA /* bakeryTests.swift */; };
		2D482F43201E0AF800967FCA /* bakeryUITests.swift in Sources */ = {isa = PBXBuildFile; fileRef = 2D482F42201E0AF800967FCA /* bakeryUITests.swift */; };
		33240380204836E700818DB5 /* Ticket.swift in Sources */ = {isa = PBXBuildFile; fileRef = 3324037F204836E700818DB5 /* Ticket.swift */; };
		333F572E2048137B00830AAF /* DataBase.swift in Sources */ = {isa = PBXBuildFile; fileRef = 333F572D2048137B00830AAF /* DataBase.swift */; };
		A19D2BB42047174400CACBC4 /* CollectionViewCell.swift in Sources */ = {isa = PBXBuildFile; fileRef = A19D2BB32047174400CACBC4 /* CollectionViewCell.swift */; };
		A19D2BB620471A7C00CACBC4 /* CollectionViewController.swift in Sources */ = {isa = PBXBuildFile; fileRef = A19D2BB520471A7C00CACBC4 /* CollectionViewController.swift */; };
		A19D2BB82047603F00CACBC4 /* SectionHeaderView.swift in Sources */ = {isa = PBXBuildFile; fileRef = A19D2BB72047603F00CACBC4 /* SectionHeaderView.swift */; };
		C50B1AA42045CD5A00316F9B /* Product.swift in Sources */ = {isa = PBXBuildFile; fileRef = C50B1AA32045CD5A00316F9B /* Product.swift */; };
		C50B1AA62045CD9A00316F9B /* DBConnection.swift in Sources */ = {isa = PBXBuildFile; fileRef = C50B1AA52045CD9A00316F9B /* DBConnection.swift */; };
/* End PBXBuildFile section */

/* Begin PBXContainerItemProxy section */
		2D482F34201E0AF800967FCA /* PBXContainerItemProxy */ = {
			isa = PBXContainerItemProxy;
			containerPortal = 2D482F17201E0AF800967FCA /* Project object */;
			proxyType = 1;
			remoteGlobalIDString = 2D482F1E201E0AF800967FCA;
			remoteInfo = bakery;
		};
		2D482F3F201E0AF800967FCA /* PBXContainerItemProxy */ = {
			isa = PBXContainerItemProxy;
			containerPortal = 2D482F17201E0AF800967FCA /* Project object */;
			proxyType = 1;
			remoteGlobalIDString = 2D482F1E201E0AF800967FCA;
			remoteInfo = bakery;
		};
/* End PBXContainerItemProxy section */

/* Begin PBXFileReference section */
		2D482F1F201E0AF800967FCA /* bakery.app */ = {isa = PBXFileReference; explicitFileType = wrapper.application; includeInIndex = 0; path = bakery.app; sourceTree = BUILT_PRODUCTS_DIR; };
		2D482F22201E0AF800967FCA /* AppDelegate.swift */ = {isa = PBXFileReference; lastKnownFileType = sourcecode.swift; path = AppDelegate.swift; sourceTree = "<group>"; };
		2D482F24201E0AF800967FCA /* LoginViewController.swift */ = {isa = PBXFileReference; lastKnownFileType = sourcecode.swift; path = LoginViewController.swift; sourceTree = "<group>"; };
		2D482F27201E0AF800967FCA /* Base */ = {isa = PBXFileReference; lastKnownFileType = file.storyboard; name = Base; path = Base.lproj/Main.storyboard; sourceTree = "<group>"; };
		2D482F29201E0AF800967FCA /* Assets.xcassets */ = {isa = PBXFileReference; lastKnownFileType = folder.assetcatalog; path = Assets.xcassets; sourceTree = "<group>"; };
		2D482F2C201E0AF800967FCA /* Base */ = {isa = PBXFileReference; lastKnownFileType = file.storyboard; name = Base; path = Base.lproj/LaunchScreen.storyboard; sourceTree = "<group>"; };
		2D482F2E201E0AF800967FCA /* Info.plist */ = {isa = PBXFileReference; lastKnownFileType = text.plist.xml; path = Info.plist; sourceTree = "<group>"; };
		2D482F33201E0AF800967FCA /* bakeryTests.xctest */ = {isa = PBXFileReference; explicitFileType = wrapper.cfbundle; includeInIndex = 0; path = bakeryTests.xctest; sourceTree = BUILT_PRODUCTS_DIR; };
		2D482F37201E0AF800967FCA /* bakeryTests.swift */ = {isa = PBXFileReference; lastKnownFileType = sourcecode.swift; path = bakeryTests.swift; sourceTree = "<group>"; };
		2D482F39201E0AF800967FCA /* Info.plist */ = {isa = PBXFileReference; lastKnownFileType = text.plist.xml; path = Info.plist; sourceTree = "<group>"; };
		2D482F3E201E0AF800967FCA /* bakeryUITests.xctest */ = {isa = PBXFileReference; explicitFileType = wrapper.cfbundle; includeInIndex = 0; path = bakeryUITests.xctest; sourceTree = BUILT_PRODUCTS_DIR; };
		2D482F42201E0AF800967FCA /* bakeryUITests.swift */ = {isa = PBXFileReference; lastKnownFileType = sourcecode.swift; path = bakeryUITests.swift; sourceTree = "<group>"; };
		2D482F44201E0AF800967FCA /* Info.plist */ = {isa = PBXFileReference; lastKnownFileType = text.plist.xml; path = Info.plist; sourceTree = "<group>"; };
		3324037F204836E700818DB5 /* Ticket.swift */ = {isa = PBXFileReference; lastKnownFileType = sourcecode.swift; path = Ticket.swift; sourceTree = "<group>"; };
		333F572D2048137B00830AAF /* DataBase.swift */ = {isa = PBXFileReference; lastKnownFileType = sourcecode.swift; path = DataBase.swift; sourceTree = "<group>"; };
		A19D2BB32047174400CACBC4 /* CollectionViewCell.swift */ = {isa = PBXFileReference; lastKnownFileType = sourcecode.swift; path = CollectionViewCell.swift; sourceTree = "<group>"; };
		A19D2BB520471A7C00CACBC4 /* CollectionViewController.swift */ = {isa = PBXFileReference; lastKnownFileType = sourcecode.swift; path = CollectionViewController.swift; sourceTree = "<group>"; };
		A19D2BB72047603F00CACBC4 /* SectionHeaderView.swift */ = {isa = PBXFileReference; lastKnownFileType = sourcecode.swift; path = SectionHeaderView.swift; sourceTree = "<group>"; };
		C50B1AA32045CD5A00316F9B /* Product.swift */ = {isa = PBXFileReference; lastKnownFileType = sourcecode.swift; path = Product.swift; sourceTree = "<group>"; };
		C50B1AA52045CD9A00316F9B /* DBConnection.swift */ = {isa = PBXFileReference; lastKnownFileType = sourcecode.swift; path = DBConnection.swift; sourceTree = "<group>"; };
/* End PBXFileReference section */

/* Begin PBXFrameworksBuildPhase section */
		2D482F1C201E0AF800967FCA /* Frameworks */ = {
			isa = PBXFrameworksBuildPhase;
			buildActionMask = 2147483647;
			files = (
			);
			runOnlyForDeploymentPostprocessing = 0;
		};
		2D482F30201E0AF800967FCA /* Frameworks */ = {
			isa = PBXFrameworksBuildPhase;
			buildActionMask = 2147483647;
			files = (
			);
			runOnlyForDeploymentPostprocessing = 0;
		};
		2D482F3B201E0AF800967FCA /* Frameworks */ = {
			isa = PBXFrameworksBuildPhase;
			buildActionMask = 2147483647;
			files = (
			);
			runOnlyForDeploymentPostprocessing = 0;
		};
/* End PBXFrameworksBuildPhase section */

/* Begin PBXGroup section */
		2D482F16201E0AF800967FCA = {
			isa = PBXGroup;
			children = (
				2D482F21201E0AF800967FCA /* bakery */,
				2D482F36201E0AF800967FCA /* bakeryTests */,
				2D482F41201E0AF800967FCA /* bakeryUITests */,
				2D482F20201E0AF800967FCA /* Products */,
			);
			sourceTree = "<group>";
		};
		2D482F20201E0AF800967FCA /* Products */ = {
			isa = PBXGroup;
			children = (
				2D482F1F201E0AF800967FCA /* bakery.app */,
				2D482F33201E0AF800967FCA /* bakeryTests.xctest */,
				2D482F3E201E0AF800967FCA /* bakeryUITests.xctest */,
			);
			name = Products;
			sourceTree = "<group>";
		};
		2D482F21201E0AF800967FCA /* bakery */ = {
			isa = PBXGroup;
			children = (
				C50B1AA12045CD2300316F9B /* model */,
				2D482F22201E0AF800967FCA /* AppDelegate.swift */,
				2D482F24201E0AF800967FCA /* LoginViewController.swift */,
				2D482F26201E0AF800967FCA /* Main.storyboard */,
				2D482F29201E0AF800967FCA /* Assets.xcassets */,
				2D482F2B201E0AF800967FCA /* LaunchScreen.storyboard */,
				2D482F2E201E0AF800967FCA /* Info.plist */,
				A19D2BB32047174400CACBC4 /* CollectionViewCell.swift */,
				A19D2BB520471A7C00CACBC4 /* CollectionViewController.swift */,
				A19D2BB72047603F00CACBC4 /* SectionHeaderView.swift */,
			);
			path = bakery;
			sourceTree = "<group>";
		};
		2D482F36201E0AF800967FCA /* bakeryTests */ = {
			isa = PBXGroup;
			children = (
				2D482F37201E0AF800967FCA /* bakeryTests.swift */,
				2D482F39201E0AF800967FCA /* Info.plist */,
			);
			path = bakeryTests;
			sourceTree = "<group>";
		};
		2D482F41201E0AF800967FCA /* bakeryUITests */ = {
			isa = PBXGroup;
			children = (
				2D482F42201E0AF800967FCA /* bakeryUITests.swift */,
				2D482F44201E0AF800967FCA /* Info.plist */,
			);
			path = bakeryUITests;
			sourceTree = "<group>";
		};
		C50B1AA12045CD2300316F9B /* model */ = {
			isa = PBXGroup;
			children = (
				C50B1AA22045CD2A00316F9B /* POSO */,
				C50B1AA52045CD9A00316F9B /* DBConnection.swift */,
				333F572D2048137B00830AAF /* DataBase.swift */,
			);
			path = model;
			sourceTree = "<group>";
		};
		C50B1AA22045CD2A00316F9B /* POSO */ = {
			isa = PBXGroup;
			children = (
				C50B1AA32045CD5A00316F9B /* Product.swift */,
				3324037F204836E700818DB5 /* Ticket.swift */,
			);
			path = POSO;
			sourceTree = "<group>";
		};
/* End PBXGroup section */

/* Begin PBXNativeTarget section */
		2D482F1E201E0AF800967FCA /* bakery */ = {
			isa = PBXNativeTarget;
			buildConfigurationList = 2D482F47201E0AF800967FCA /* Build configuration list for PBXNativeTarget "bakery" */;
			buildPhases = (
				2D482F1B201E0AF800967FCA /* Sources */,
				2D482F1C201E0AF800967FCA /* Frameworks */,
				2D482F1D201E0AF800967FCA /* Resources */,
			);
			buildRules = (
			);
			dependencies = (
			);
			name = bakery;
			productName = bakery;
			productReference = 2D482F1F201E0AF800967FCA /* bakery.app */;
			productType = "com.apple.product-type.application";
		};
		2D482F32201E0AF800967FCA /* bakeryTests */ = {
			isa = PBXNativeTarget;
			buildConfigurationList = 2D482F4A201E0AF800967FCA /* Build configuration list for PBXNativeTarget "bakeryTests" */;
			buildPhases = (
				2D482F2F201E0AF800967FCA /* Sources */,
				2D482F30201E0AF800967FCA /* Frameworks */,
				2D482F31201E0AF800967FCA /* Resources */,
			);
			buildRules = (
			);
			dependencies = (
				2D482F35201E0AF800967FCA /* PBXTargetDependency */,
			);
			name = bakeryTests;
			productName = bakeryTests;
			productReference = 2D482F33201E0AF800967FCA /* bakeryTests.xctest */;
			productType = "com.apple.product-type.bundle.unit-test";
		};
		2D482F3D201E0AF800967FCA /* bakeryUITests */ = {
			isa = PBXNativeTarget;
			buildConfigurationList = 2D482F4D201E0AF800967FCA /* Build configuration list for PBXNativeTarget "bakeryUITests" */;
			buildPhases = (
				2D482F3A201E0AF800967FCA /* Sources */,
				2D482F3B201E0AF800967FCA /* Frameworks */,
				2D482F3C201E0AF800967FCA /* Resources */,
			);
			buildRules = (
			);
			dependencies = (
				2D482F40201E0AF800967FCA /* PBXTargetDependency */,
			);
			name = bakeryUITests;
			productName = bakeryUITests;
			productReference = 2D482F3E201E0AF800967FCA /* bakeryUITests.xctest */;
			productType = "com.apple.product-type.bundle.ui-testing";
		};
/* End PBXNativeTarget section */

/* Begin PBXProject section */
		2D482F17201E0AF800967FCA /* Project object */ = {
			isa = PBXProject;
			attributes = {
				LastSwiftUpdateCheck = 0920;
				LastUpgradeCheck = 0920;
				ORGANIZATIONNAME = "Maria Jose Uceda Garcia";
				TargetAttributes = {
					2D482F1E201E0AF800967FCA = {
						CreatedOnToolsVersion = 9.2;
						ProvisioningStyle = Automatic;
					};
					2D482F32201E0AF800967FCA = {
						CreatedOnToolsVersion = 9.2;
						ProvisioningStyle = Automatic;
						TestTargetID = 2D482F1E201E0AF800967FCA;
					};
					2D482F3D201E0AF800967FCA = {
						CreatedOnToolsVersion = 9.2;
						ProvisioningStyle = Automatic;
						TestTargetID = 2D482F1E201E0AF800967FCA;
					};
				};
			};
			buildConfigurationList = 2D482F1A201E0AF800967FCA /* Build configuration list for PBXProject "bakery" */;
			compatibilityVersion = "Xcode 8.0";
			developmentRegion = en;
			hasScannedForEncodings = 0;
			knownRegions = (
				en,
				Base,
			);
			mainGroup = 2D482F16201E0AF800967FCA;
			productRefGroup = 2D482F20201E0AF800967FCA /* Products */;
			projectDirPath = "";
			projectRoot = "";
			targets = (
				2D482F1E201E0AF800967FCA /* bakery */,
				2D482F32201E0AF800967FCA /* bakeryTests */,
				2D482F3D201E0AF800967FCA /* bakeryUITests */,
			);
		};
/* End PBXProject section */

/* Begin PBXResourcesBuildPhase section */
		2D482F1D201E0AF800967FCA /* Resources */ = {
			isa = PBXResourcesBuildPhase;
			buildActionMask = 2147483647;
			files = (
				2D482F2D201E0AF800967FCA /* LaunchScreen.storyboard in Resources */,
				2D482F2A201E0AF800967FCA /* Assets.xcassets in Resources */,
				2D482F28201E0AF800967FCA /* Main.storyboard in Resources */,
			);
			runOnlyForDeploymentPostprocessing = 0;
		};
		2D482F31201E0AF800967FCA /* Resources */ = {
			isa = PBXResourcesBuildPhase;
			buildActionMask = 2147483647;
			files = (
			);
			runOnlyForDeploymentPostprocessing = 0;
		};
		2D482F3C201E0AF800967FCA /* Resources */ = {
			isa = PBXResourcesBuildPhase;
			buildActionMask = 2147483647;
			files = (
			);
			runOnlyForDeploymentPostprocessing = 0;
		};
/* End PBXResourcesBuildPhase section */

/* Begin PBXSourcesBuildPhase section */
		2D482F1B201E0AF800967FCA /* Sources */ = {
			isa = PBXSourcesBuildPhase;
			buildActionMask = 2147483647;
			files = (
				A19D2BB620471A7C00CACBC4 /* CollectionViewController.swift in Sources */,
				A19D2BB42047174400CACBC4 /* CollectionViewCell.swift in Sources */,
				2D482F25201E0AF800967FCA /* LoginViewController.swift in Sources */,
				C50B1AA42045CD5A00316F9B /* Product.swift in Sources */,
				33240380204836E700818DB5 /* Ticket.swift in Sources */,
				A19D2BB82047603F00CACBC4 /* SectionHeaderView.swift in Sources */,
				2D482F23201E0AF800967FCA /* AppDelegate.swift in Sources */,
				333F572E2048137B00830AAF /* DataBase.swift in Sources */,
				C50B1AA62045CD9A00316F9B /* DBConnection.swift in Sources */,
			);
			runOnlyForDeploymentPostprocessing = 0;
		};
		2D482F2F201E0AF800967FCA /* Sources */ = {
			isa = PBXSourcesBuildPhase;
			buildActionMask = 2147483647;
			files = (
				2D482F38201E0AF800967FCA /* bakeryTests.swift in Sources */,
			);
			runOnlyForDeploymentPostprocessing = 0;
		};
		2D482F3A201E0AF800967FCA /* Sources */ = {
			isa = PBXSourcesBuildPhase;
			buildActionMask = 2147483647;
			files = (
				2D482F43201E0AF800967FCA /* bakeryUITests.swift in Sources */,
			);
			runOnlyForDeploymentPostprocessing = 0;
		};
/* End PBXSourcesBuildPhase section */

/* Begin PBXTargetDependency section */
		2D482F35201E0AF800967FCA /* PBXTargetDependency */ = {
			isa = PBXTargetDependency;
			target = 2D482F1E201E0AF800967FCA /* bakery */;
			targetProxy = 2D482F34201E0AF800967FCA /* PBXContainerItemProxy */;
		};
		2D482F40201E0AF800967FCA /* PBXTargetDependency */ = {
			isa = PBXTargetDependency;
			target = 2D482F1E201E0AF800967FCA /* bakery */;
			targetProxy = 2D482F3F201E0AF800967FCA /* PBXContainerItemProxy */;
		};
/* End PBXTargetDependency section */

/* Begin PBXVariantGroup section */
		2D482F26201E0AF800967FCA /* Main.storyboard */ = {
			isa = PBXVariantGroup;
			children = (
				2D482F27201E0AF800967FCA /* Base */,
			);
			name = Main.storyboard;
			sourceTree = "<group>";
		};
		2D482F2B201E0AF800967FCA /* LaunchScreen.storyboard */ = {
			isa = PBXVariantGroup;
			children = (
				2D482F2C201E0AF800967FCA /* Base */,
			);
			name = LaunchScreen.storyboard;
			sourceTree = "<group>";
		};
/* End PBXVariantGroup section */

/* Begin XCBuildConfiguration section */
		2D482F45201E0AF800967FCA /* Debug */ = {
			isa = XCBuildConfiguration;
			buildSettings = {
				ALWAYS_SEARCH_USER_PATHS = NO;
				CLANG_ANALYZER_NONNULL = YES;
				CLANG_ANALYZER_NUMBER_OBJECT_CONVERSION = YES_AGGRESSIVE;
				CLANG_CXX_LANGUAGE_STANDARD = "gnu++14";
				CLANG_CXX_LIBRARY = "libc++";
				CLANG_ENABLE_MODULES = YES;
				CLANG_ENABLE_OBJC_ARC = YES;
				CLANG_WARN_BLOCK_CAPTURE_AUTORELEASING = YES;
				CLANG_WARN_BOOL_CONVERSION = YES;
				CLANG_WARN_COMMA = YES;
				CLANG_WARN_CONSTANT_CONVERSION = YES;
				CLANG_WARN_DIRECT_OBJC_ISA_USAGE = YES_ERROR;
				CLANG_WARN_DOCUMENTATION_COMMENTS = YES;
				CLANG_WARN_EMPTY_BODY = YES;
				CLANG_WARN_ENUM_CONVERSION = YES;
				CLANG_WARN_INFINITE_RECURSION = YES;
				CLANG_WARN_INT_CONVERSION = YES;
				CLANG_WARN_NON_LITERAL_NULL_CONVERSION = YES;
				CLANG_WARN_OBJC_LITERAL_CONVERSION = YES;
				CLANG_WARN_OBJC_ROOT_CLASS = YES_ERROR;
				CLANG_WARN_RANGE_LOOP_ANALYSIS = YES;
				CLANG_WARN_STRICT_PROTOTYPES = YES;
				CLANG_WARN_SUSPICIOUS_MOVE = YES;
				CLANG_WARN_UNGUARDED_AVAILABILITY = YES_AGGRESSIVE;
				CLANG_WARN_UNREACHABLE_CODE = YES;
				CLANG_WARN__DUPLICATE_METHOD_MATCH = YES;
				CODE_SIGN_IDENTITY = "iPhone Developer";
				COPY_PHASE_STRIP = NO;
				DEBUG_INFORMATION_FORMAT = dwarf;
				ENABLE_STRICT_OBJC_MSGSEND = YES;
				ENABLE_TESTABILITY = YES;
				GCC_C_LANGUAGE_STANDARD = gnu11;
				GCC_DYNAMIC_NO_PIC = NO;
				GCC_NO_COMMON_BLOCKS = YES;
				GCC_OPTIMIZATION_LEVEL = 0;
				GCC_PREPROCESSOR_DEFINITIONS = (
					"DEBUG=1",
					"$(inherited)",
				);
				GCC_WARN_64_TO_32_BIT_CONVERSION = YES;
				GCC_WARN_ABOUT_RETURN_TYPE = YES_ERROR;
				GCC_WARN_UNDECLARED_SELECTOR = YES;
				GCC_WARN_UNINITIALIZED_AUTOS = YES_AGGRESSIVE;
				GCC_WARN_UNUSED_FUNCTION = YES;
				GCC_WARN_UNUSED_VARIABLE = YES;
				IPHONEOS_DEPLOYMENT_TARGET = 11.2;
				MTL_ENABLE_DEBUG_INFO = YES;
				ONLY_ACTIVE_ARCH = YES;
				SDKROOT = iphoneos;
				SWIFT_ACTIVE_COMPILATION_CONDITIONS = DEBUG;
				SWIFT_OPTIMIZATION_LEVEL = "-Onone";
			};
			name = Debug;
		};
		2D482F46201E0AF800967FCA /* Release */ = {
			isa = XCBuildConfiguration;
			buildSettings = {
				ALWAYS_SEARCH_USER_PATHS = NO;
				CLANG_ANALYZER_NONNULL = YES;
				CLANG_ANALYZER_NUMBER_OBJECT_CONVERSION = YES_AGGRESSIVE;
				CLANG_CXX_LANGUAGE_STANDARD = "gnu++14";
				CLANG_CXX_LIBRARY = "libc++";
				CLANG_ENABLE_MODULES = YES;
				CLANG_ENABLE_OBJC_ARC = YES;
				CLANG_WARN_BLOCK_CAPTURE_AUTORELEASING = YES;
				CLANG_WARN_BOOL_CONVERSION = YES;
				CLANG_WARN_COMMA = YES;
				CLANG_WARN_CONSTANT_CONVERSION = YES;
				CLANG_WARN_DIRECT_OBJC_ISA_USAGE = YES_ERROR;
				CLANG_WARN_DOCUMENTATION_COMMENTS = YES;
				CLANG_WARN_EMPTY_BODY = YES;
				CLANG_WARN_ENUM_CONVERSION = YES;
				CLANG_WARN_INFINITE_RECURSION = YES;
				CLANG_WARN_INT_CONVERSION = YES;
				CLANG_WARN_NON_LITERAL_NULL_CONVERSION = YES;
				CLANG_WARN_OBJC_LITERAL_CONVERSION = YES;
				CLANG_WARN_OBJC_ROOT_CLASS = YES_ERROR;
				CLANG_WARN_RANGE_LOOP_ANALYSIS = YES;
				CLANG_WARN_STRICT_PROTOTYPES = YES;
				CLANG_WARN_SUSPICIOUS_MOVE = YES;
				CLANG_WARN_UNGUARDED_AVAILABILITY = YES_AGGRESSIVE;
				CLANG_WARN_UNREACHABLE_CODE = YES;
				CLANG_WARN__DUPLICATE_METHOD_MATCH = YES;
				CODE_SIGN_IDENTITY = "iPhone Developer";
				COPY_PHASE_STRIP = NO;
				DEBUG_INFORMATION_FORMAT = "dwarf-with-dsym";
				ENABLE_NS_ASSERTIONS = NO;
				ENABLE_STRICT_OBJC_MSGSEND = YES;
				GCC_C_LANGUAGE_STANDARD = gnu11;
				GCC_NO_COMMON_BLOCKS = YES;
				GCC_WARN_64_TO_32_BIT_CONVERSION = YES;
				GCC_WARN_ABOUT_RETURN_TYPE = YES_ERROR;
				GCC_WARN_UNDECLARED_SELECTOR = YES;
				GCC_WARN_UNINITIALIZED_AUTOS = YES_AGGRESSIVE;
				GCC_WARN_UNUSED_FUNCTION = YES;
				GCC_WARN_UNUSED_VARIABLE = YES;
				IPHONEOS_DEPLOYMENT_TARGET = 11.2;
				MTL_ENABLE_DEBUG_INFO = NO;
				SDKROOT = iphoneos;
				SWIFT_OPTIMIZATION_LEVEL = "-Owholemodule";
				VALIDATE_PRODUCT = YES;
			};
			name = Release;
		};
		2D482F48201E0AF800967FCA /* Debug */ = {
			isa = XCBuildConfiguration;
			buildSettings = {
				ASSETCATALOG_COMPILER_APPICON_NAME = AppIcon;
				CODE_SIGN_STYLE = Automatic;
				INFOPLIST_FILE = bakery/Info.plist;
				LD_RUNPATH_SEARCH_PATHS = "$(inherited) @executable_path/Frameworks";
				PRODUCT_BUNDLE_IDENTIFIER = bakery.bakery;
				PRODUCT_NAME = "$(TARGET_NAME)";
				SWIFT_VERSION = 4.0;
				TARGETED_DEVICE_FAMILY = "1,2";
			};
			name = Debug;
		};
		2D482F49201E0AF800967FCA /* Release */ = {
			isa = XCBuildConfiguration;
			buildSettings = {
				ASSETCATALOG_COMPILER_APPICON_NAME = AppIcon;
				CODE_SIGN_STYLE = Automatic;
				INFOPLIST_FILE = bakery/Info.plist;
				LD_RUNPATH_SEARCH_PATHS = "$(inherited) @executable_path/Frameworks";
				PRODUCT_BUNDLE_IDENTIFIER = bakery.bakery;
				PRODUCT_NAME = "$(TARGET_NAME)";
				SWIFT_VERSION = 4.0;
				TARGETED_DEVICE_FAMILY = "1,2";
			};
			name = Release;
		};
		2D482F4B201E0AF800967FCA /* Debug */ = {
			isa = XCBuildConfiguration;
			buildSettings = {
				ALWAYS_EMBED_SWIFT_STANDARD_LIBRARIES = YES;
				BUNDLE_LOADER = "$(TEST_HOST)";
				CODE_SIGN_STYLE = Automatic;
				INFOPLIST_FILE = bakeryTests/Info.plist;
				LD_RUNPATH_SEARCH_PATHS = "$(inherited) @executable_path/Frameworks @loader_path/Frameworks";
				PRODUCT_BUNDLE_IDENTIFIER = bakery.bakeryTests;
				PRODUCT_NAME = "$(TARGET_NAME)";
				SWIFT_VERSION = 4.0;
				TARGETED_DEVICE_FAMILY = "1,2";
				TEST_HOST = "$(BUILT_PRODUCTS_DIR)/bakery.app/bakery";
			};
			name = Debug;
		};
		2D482F4C201E0AF800967FCA /* Release */ = {
			isa = XCBuildConfiguration;
			buildSettings = {
				ALWAYS_EMBED_SWIFT_STANDARD_LIBRARIES = YES;
				BUNDLE_LOADER = "$(TEST_HOST)";
				CODE_SIGN_STYLE = Automatic;
				INFOPLIST_FILE = bakeryTests/Info.plist;
				LD_RUNPATH_SEARCH_PATHS = "$(inherited) @executable_path/Frameworks @loader_path/Frameworks";
				PRODUCT_BUNDLE_IDENTIFIER = bakery.bakeryTests;
				PRODUCT_NAME = "$(TARGET_NAME)";
				SWIFT_VERSION = 4.0;
				TARGETED_DEVICE_FAMILY = "1,2";
				TEST_HOST = "$(BUILT_PRODUCTS_DIR)/bakery.app/bakery";
			};
			name = Release;
		};
		2D482F4E201E0AF800967FCA /* Debug */ = {
			isa = XCBuildConfiguration;
			buildSettings = {
				ALWAYS_EMBED_SWIFT_STANDARD_LIBRARIES = YES;
				CODE_SIGN_STYLE = Automatic;
				INFOPLIST_FILE = bakeryUITests/Info.plist;
				LD_RUNPATH_SEARCH_PATHS = "$(inherited) @executable_path/Frameworks @loader_path/Frameworks";
				PRODUCT_BUNDLE_IDENTIFIER = bakery.bakeryUITests;
				PRODUCT_NAME = "$(TARGET_NAME)";
				SWIFT_VERSION = 4.0;
				TARGETED_DEVICE_FAMILY = "1,2";
				TEST_TARGET_NAME = bakery;
			};
			name = Debug;
		};
		2D482F4F201E0AF800967FCA /* Release */ = {
			isa = XCBuildConfiguration;
			buildSettings = {
				ALWAYS_EMBED_SWIFT_STANDARD_LIBRARIES = YES;
				CODE_SIGN_STYLE = Automatic;
				INFOPLIST_FILE = bakeryUITests/Info.plist;
				LD_RUNPATH_SEARCH_PATHS = "$(inherited) @executable_path/Frameworks @loader_path/Frameworks";
				PRODUCT_BUNDLE_IDENTIFIER = bakery.bakeryUITests;
				PRODUCT_NAME = "$(TARGET_NAME)";
				SWIFT_VERSION = 4.0;
				TARGETED_DEVICE_FAMILY = "1,2";
				TEST_TARGET_NAME = bakery;
			};
			name = Release;
		};
/* End XCBuildConfiguration section */

/* Begin XCConfigurationList section */
		2D482F1A201E0AF800967FCA /* Build configuration list for PBXProject "bakery" */ = {
			isa = XCConfigurationList;
			buildConfigurations = (
				2D482F45201E0AF800967FCA /* Debug */,
				2D482F46201E0AF800967FCA /* Release */,
			);
			defaultConfigurationIsVisible = 0;
			defaultConfigurationName = Release;
		};
		2D482F47201E0AF800967FCA /* Build configuration list for PBXNativeTarget "bakery" */ = {
			isa = XCConfigurationList;
			buildConfigurations = (
				2D482F48201E0AF800967FCA /* Debug */,
				2D482F49201E0AF800967FCA /* Release */,
			);
			defaultConfigurationIsVisible = 0;
			defaultConfigurationName = Release;
		};
		2D482F4A201E0AF800967FCA /* Build configuration list for PBXNativeTarget "bakeryTests" */ = {
			isa = XCConfigurationList;
			buildConfigurations = (
				2D482F4B201E0AF800967FCA /* Debug */,
				2D482F4C201E0AF800967FCA /* Release */,
			);
			defaultConfigurationIsVisible = 0;
			defaultConfigurationName = Release;
		};
		2D482F4D201E0AF800967FCA /* Build configuration list for PBXNativeTarget "bakeryUITests" */ = {
			isa = XCConfigurationList;
			buildConfigurations = (
				2D482F4E201E0AF800967FCA /* Debug */,
				2D482F4F201E0AF800967FCA /* Release */,
			);
			defaultConfigurationIsVisible = 0;
			defaultConfigurationName = Release;
		};
/* End XCConfigurationList section */
	};
	rootObject = 2D482F17201E0AF800967FCA /* Project object */;
}
